{
  "name": "htx-hackx",
  "lockfileVersion": 3,
  "requires": true,
  "packages": {
    "": {
      "dependencies": {
        "@vercel/functions": "^1.4.2"
      }
    },
    "node_modules/@vercel/functions": {
      "version": "1.4.2",
      "resolved": "https://registry.npmjs.org/@vercel/functions/-/functions-1.4.2.tgz",
      "integrity": "sha512-WLY3g6NT1SVJDAoAqz5pJfJ8uyOmEejZkatZn0q57Dn6qXNrh/pjbeffolQy9npWRYJPcfwjgqw8tUqolTEyuw==",
      "license": "Apache-2.0",
      "engines": {
        "node": ">= 16"
      },
      "peerDependencies": {
        "@aws-sdk/credential-provider-web-identity": "*"
      },
      "peerDependenciesMeta": {
        "@aws-sdk/credential-provider-web-identity": {
          "optional": true
        }
      }
    }
  }
}
